<?xml version="1.0" encoding="utf-8"?>
<Project ToolsVersion="4.0" xmlns="http://schemas.microsoft.com/developer/msbuild/2003">
  <ItemGroup>
    <ClCompile Include="Colormap.cpp" />
    <ClCompile Include="Simple_window.cpp" />
    <ClCompile Include="Window.cpp" />
    <ClCompile Include="Graph.cpp" />
    <ClCompile Include="GUI.cpp" />
    <ClCompile Include="main.cpp" />
  </ItemGroup>
  <ItemGroup>
    <ClInclude Include="PPP\Graph.h">
      <Filter>PPP</Filter>
    </ClInclude>
    <ClInclude Include="PPP\GUI.h">
      <Filter>PPP</Filter>
    </ClInclude>
    <ClInclude Include="PPP\Image_private.h">
      <Filter>PPP</Filter>
    </ClInclude>
    <ClInclude Include="PPP\Point.h">
      <Filter>PPP</Filter>
    </ClInclude>
    <ClInclude Include="PPP\Simple_window.h">
      <Filter>PPP</Filter>
    </ClInclude>
    <ClInclude Include="PPP\std_lib_facilities.h">
      <Filter>PPP</Filter>
    </ClInclude>
    <ClInclude Include="PPP\Window.h">
      <Filter>PPP</Filter>
    </ClInclude>
  </ItemGroup>
  <ItemGroup>
    <Filter Include="PPP">
      <UniqueIdentifier>{a653636f-a2de-410e-b6c5-09dda29b9d51}</UniqueIdentifier>
    </Filter>
  </ItemGroup>
  <ItemGroup>
    <QtMoc Include="PPP\GUI_private.h">
      <Filter>PPP</Filter>
    </QtMoc>
  </ItemGroup>
  <ItemGroup>
    <Image Include="pat.jpg" />
    <Image Include="The Cat Scream.png" />
  </ItemGroup>
  <ItemGroup>
    <Text Include="CMakeLists.txt" />
  </ItemGroup>
</Project>